
Microsoft Visual Studio Solution File, Format Version 12.00
# Visual Studio 15
VisualStudioVersion = 15.0.28307.102
MinimumVisualStudioVersion = 10.0.40219.1
Project("{FAE04EC0-301F-11D3-BF4B-00C04F79EFBC}") = "Projet.NET", "Projet.NET.csproj", "{72257FB1-E74A-49B1-8272-012483E12282}"
EndProject
Global
	GlobalSection(SolutionConfigurationPlatforms) = preSolution
		Debug|Any CPU = Debug|Any CPU
		Release|Any CPU = Release|Any CPU
	EndGlobalSection
	GlobalSection(ProjectConfigurationPlatforms) = postSolution
		{72257FB1-E74A-49B1-8272-012483E12282}.Debug|Any CPU.ActiveCfg = Debug|Any CPU
		{72257FB1-E74A-49B1-8272-012483E12282}.Debug|Any CPU.Build.0 = Debug|Any CPU
		{72257FB1-E74A-49B1-8272-012483E12282}.Release|Any CPU.ActiveCfg = Release|Any CPU
		{72257FB1-E74A-49B1-8272-012483E12282}.Release|Any CPU.Build.0 = Release|Any CPU
	EndGlobalSection
	GlobalSection(SolutionProperties) = preSolution
		HideSolutionNode = FALSE
	EndGlobalSection
	GlobalSection(ExtensibilityGlobals) = postSolution
		SolutionGuid = {E7E66A22-C907-4A2C-8481-A5AFD414FE2C}
	EndGlobalSection
EndGlobal
